{
  "name": "lucasslv",
  "version": "1.0.0",
  "lockfileVersion": 2,
  "requires": true,
  "packages": {
    "": {
      "name": "lucasslv",
      "version": "1.0.0",
      "license": "ISC",
      "dependencies": {
        "lucasslv": "^1.0.0"
      },
      "bin": {
        "lucasslv": "bin/card.js"
      }
    },
    "node_modules/lucasslv": {
      "version": "1.0.0",
      "resolved": "https://registry.npmjs.org/lucasslv/-/lucasslv-1.0.0.tgz",
      "integrity": "sha512-ZBKqIaS8HVV0D/Nuhbs6ltnJttTqwv6rsoVUG6lE12fnPQPuBjz4+X0/Otyt2JlJniqK/MsCaq6diO6ZTwedig==",
      "bin": {
        "lucasslv": "bin/card.js"
      }
    }
  },
  "dependencies": {
    "lucasslv": {
      "version": "1.0.0",
      "resolved": "https://registry.npmjs.org/lucasslv/-/lucasslv-1.0.0.tgz",
      "integrity": "sha512-ZBKqIaS8HVV0D/Nuhbs6ltnJttTqwv6rsoVUG6lE12fnPQPuBjz4+X0/Otyt2JlJniqK/MsCaq6diO6ZTwedig=="
    }
  }
}
